
Microsoft Visual Studio Solution File, Format Version 12.00
# Visual Studio Version 17
VisualStudioVersion = 17.4.33205.214
MinimumVisualStudioVersion = 10.0.40219.1
Project("{FAE04EC0-301F-11D3-BF4B-00C04F79EFBC}") = "Задача_Переменные", "Задача_Переменные\Задача_Переменные.csproj", "{04DDCED5-E2FD-456C-BDF8-20F5381C9B28}"
EndProject
Global
	GlobalSection(SolutionConfigurationPlatforms) = preSolution
		Debug|Any CPU = Debug|Any CPU
		Release|Any CPU = Release|Any CPU
	EndGlobalSection
	GlobalSection(ProjectConfigurationPlatforms) = postSolution
		{04DDCED5-E2FD-456C-BDF8-20F5381C9B28}.Debug|Any CPU.ActiveCfg = Debug|Any CPU
		{04DDCED5-E2FD-456C-BDF8-20F5381C9B28}.Debug|Any CPU.Build.0 = Debug|Any CPU
		{04DDCED5-E2FD-456C-BDF8-20F5381C9B28}.Release|Any CPU.ActiveCfg = Release|Any CPU
		{04DDCED5-E2FD-456C-BDF8-20F5381C9B28}.Release|Any CPU.Build.0 = Release|Any CPU
	EndGlobalSection
	GlobalSection(SolutionProperties) = preSolution
		HideSolutionNode = FALSE
	EndGlobalSection
	GlobalSection(ExtensibilityGlobals) = postSolution
		SolutionGuid = {44A277EC-DAB1-4BE4-B75B-5109B0ACB206}
	EndGlobalSection
EndGlobal
